
Microsoft Visual Studio Solution File, Format Version 12.00
# Visual Studio 15
VisualStudioVersion = 15.0.28306.52
MinimumVisualStudioVersion = 10.0.40219.1
Project("{FAE04EC0-301F-11D3-BF4B-00C04F79EFBC}") = "CodacyChallenge", "CodacyChallenge\CodacyChallenge.csproj", "{59140FD8-15EA-4D1A-8225-6F7A7A09E87F}"
EndProject
Project("{FAE04EC0-301F-11D3-BF4B-00C04F79EFBC}") = "CodacyChallenge.Service", "CodacyChallenge.Service\CodacyChallenge.Service.csproj", "{D37EE6BA-B870-4581-82C6-159D6BA81180}"
EndProject
Global
	GlobalSection(SolutionConfigurationPlatforms) = preSolution
		Debug|Any CPU = Debug|Any CPU
		Release|Any CPU = Release|Any CPU
	EndGlobalSection
	GlobalSection(ProjectConfigurationPlatforms) = postSolution
		{59140FD8-15EA-4D1A-8225-6F7A7A09E87F}.Debug|Any CPU.ActiveCfg = Debug|Any CPU
		{59140FD8-15EA-4D1A-8225-6F7A7A09E87F}.Debug|Any CPU.Build.0 = Debug|Any CPU
		{59140FD8-15EA-4D1A-8225-6F7A7A09E87F}.Release|Any CPU.ActiveCfg = Release|Any CPU
		{59140FD8-15EA-4D1A-8225-6F7A7A09E87F}.Release|Any CPU.Build.0 = Release|Any CPU
		{D37EE6BA-B870-4581-82C6-159D6BA81180}.Debug|Any CPU.ActiveCfg = Debug|Any CPU
		{D37EE6BA-B870-4581-82C6-159D6BA81180}.Debug|Any CPU.Build.0 = Debug|Any CPU
		{D37EE6BA-B870-4581-82C6-159D6BA81180}.Release|Any CPU.ActiveCfg = Release|Any CPU
		{D37EE6BA-B870-4581-82C6-159D6BA81180}.Release|Any CPU.Build.0 = Release|Any CPU
	EndGlobalSection
	GlobalSection(SolutionProperties) = preSolution
		HideSolutionNode = FALSE
	EndGlobalSection
	GlobalSection(ExtensibilityGlobals) = postSolution
		SolutionGuid = {7AA4B27B-67BF-40EA-82E6-21E1C0D97988}
	EndGlobalSection
EndGlobal
